
Microsoft Visual Studio Solution File, Format Version 12.00
# Visual Studio Version 17
VisualStudioVersion = 17.10.35027.167
MinimumVisualStudioVersion = 10.0.40219.1
Project("{9A19103F-16F7-4668-BE54-9A1E7A4F7556}") = "Administration", "Administration.csproj", "{E327E0D2-CACB-48EF-843F-E9B7B5AE7F3F}"
EndProject
Project("{54435603-DBB4-11D2-8724-00A0C9A8B90C}") = "AdminManagementSetup", "AdminManagementSetup\AdminManagementSetup.vdproj", "{5ACDCB96-D33B-402E-B9FE-624652EF418F}"
EndProject
Global
	GlobalSection(SolutionConfigurationPlatforms) = preSolution
		Debug|Any CPU = Debug|Any CPU
		Release|Any CPU = Release|Any CPU
	EndGlobalSection
	GlobalSection(ProjectConfigurationPlatforms) = postSolution
		{E327E0D2-CACB-48EF-843F-E9B7B5AE7F3F}.Debug|Any CPU.ActiveCfg = Debug|Any CPU
		{E327E0D2-CACB-48EF-843F-E9B7B5AE7F3F}.Debug|Any CPU.Build.0 = Debug|Any CPU
		{E327E0D2-CACB-48EF-843F-E9B7B5AE7F3F}.Release|Any CPU.ActiveCfg = Release|Any CPU
		{E327E0D2-CACB-48EF-843F-E9B7B5AE7F3F}.Release|Any CPU.Build.0 = Release|Any CPU
		{5ACDCB96-D33B-402E-B9FE-624652EF418F}.Debug|Any CPU.ActiveCfg = Debug
		{5ACDCB96-D33B-402E-B9FE-624652EF418F}.Release|Any CPU.ActiveCfg = Release
	EndGlobalSection
	GlobalSection(SolutionProperties) = preSolution
		HideSolutionNode = FALSE
	EndGlobalSection
	GlobalSection(ExtensibilityGlobals) = postSolution
		SolutionGuid = {9DCE2E99-7DC9-424F-8D35-03A56622D1CF}
	EndGlobalSection
EndGlobal
