
Microsoft Visual Studio Solution File, Format Version 12.00
# Visual Studio Version 17
VisualStudioVersion = 17.10.35027.167
MinimumVisualStudioVersion = 10.0.40219.1
Project("{9A19103F-16F7-4668-BE54-9A1E7A4F7556}") = "BornePaiement", "BornePaiement.csproj", "{055B4F8E-0796-4B63-9377-5B6141565393}"
EndProject
Project("{54435603-DBB4-11D2-8724-00A0C9A8B90C}") = "BornePaiementManagementSetup", "BornePaiementManagementSetup\BornePaiementManagementSetup.vdproj", "{242951F7-2EA3-427F-ABBC-77038E6D3D44}"
EndProject
Global
	GlobalSection(SolutionConfigurationPlatforms) = preSolution
		Debug|Any CPU = Debug|Any CPU
		Release|Any CPU = Release|Any CPU
	EndGlobalSection
	GlobalSection(ProjectConfigurationPlatforms) = postSolution
		{055B4F8E-0796-4B63-9377-5B6141565393}.Debug|Any CPU.ActiveCfg = Debug|Any CPU
		{055B4F8E-0796-4B63-9377-5B6141565393}.Debug|Any CPU.Build.0 = Debug|Any CPU
		{055B4F8E-0796-4B63-9377-5B6141565393}.Release|Any CPU.ActiveCfg = Release|Any CPU
		{055B4F8E-0796-4B63-9377-5B6141565393}.Release|Any CPU.Build.0 = Release|Any CPU
		{242951F7-2EA3-427F-ABBC-77038E6D3D44}.Debug|Any CPU.ActiveCfg = Debug
		{242951F7-2EA3-427F-ABBC-77038E6D3D44}.Release|Any CPU.ActiveCfg = Release
	EndGlobalSection
	GlobalSection(SolutionProperties) = preSolution
		HideSolutionNode = FALSE
	EndGlobalSection
	GlobalSection(ExtensibilityGlobals) = postSolution
		SolutionGuid = {4DAE4A87-732B-43CF-9D71-DDEA9E110487}
	EndGlobalSection
EndGlobal
